
Microsoft Visual Studio Solution File, Format Version 12.00
# Visual Studio 2012
Project("{FAE04EC0-301F-11D3-BF4B-00C04F79EFBC}") = "TicTacToeTomek", "TicTacToeTomek\TicTacToeTomek.csproj", "{B7C40089-5D5D-402B-A359-8AA7C3422D52}"
EndProject
Project("{FAE04EC0-301F-11D3-BF4B-00C04F79EFBC}") = "AcceptanceTests", "AcceptanceTests\AcceptanceTests.csproj", "{397486F7-DBDA-4975-8AE3-57C7E4409C52}"
EndProject
Global
	GlobalSection(SolutionConfigurationPlatforms) = preSolution
		Debug|Any CPU = Debug|Any CPU
		Release|Any CPU = Release|Any CPU
	EndGlobalSection
	GlobalSection(ProjectConfigurationPlatforms) = postSolution
		{B7C40089-5D5D-402B-A359-8AA7C3422D52}.Debug|Any CPU.ActiveCfg = Debug|Any CPU
		{B7C40089-5D5D-402B-A359-8AA7C3422D52}.Debug|Any CPU.Build.0 = Debug|Any CPU
		{B7C40089-5D5D-402B-A359-8AA7C3422D52}.Release|Any CPU.ActiveCfg = Release|Any CPU
		{B7C40089-5D5D-402B-A359-8AA7C3422D52}.Release|Any CPU.Build.0 = Release|Any CPU
		{397486F7-DBDA-4975-8AE3-57C7E4409C52}.Debug|Any CPU.ActiveCfg = Debug|Any CPU
		{397486F7-DBDA-4975-8AE3-57C7E4409C52}.Debug|Any CPU.Build.0 = Debug|Any CPU
		{397486F7-DBDA-4975-8AE3-57C7E4409C52}.Release|Any CPU.ActiveCfg = Release|Any CPU
		{397486F7-DBDA-4975-8AE3-57C7E4409C52}.Release|Any CPU.Build.0 = Release|Any CPU
	EndGlobalSection
	GlobalSection(SolutionProperties) = preSolution
		HideSolutionNode = FALSE
	EndGlobalSection
EndGlobal
